# THIS IS AN AUTOGENERATED FILE. DO NOT EDIT THIS FILE DIRECTLY.
# yarn lockfile v1


"@eclipse-glsp/client@0.9.0":
  version "0.9.0"
  resolved "https://registry.yarnpkg.com/@eclipse-glsp/client/-/client-0.9.0.tgz#de56dd9d273e8f89820b77ec971c62aaeee39e9e"
  integrity sha512-SpS6FiLby9Cv4F7rDh/sJpK1bnYbqu7utOtdwM8nEVWE9VZlXTgENPwBd2JmrLlbvB9lM5YVdbC+od+oc4Y5pg==
  dependencies:
    "@eclipse-glsp/protocol" "0.9.0"
    autocompleter "5.1.0"
    sprotty "0.10.0"

"@eclipse-glsp/protocol@0.9.0":
  version "0.9.0"
  resolved "https://registry.yarnpkg.com/@eclipse-glsp/protocol/-/protocol-0.9.0.tgz#14c43a8b94992dad63dd1c63db31c2a366ce2072"
  integrity sha512-8PVBoKb4TN7u3L5xOGbiOem3XzbOK8xY0sNgU7IWCDBfi3Lx1dlW9oNI8SXSGG+gZsfqlAb8PMwKN4JFgqw0og==
  dependencies:
    inversify "^5.0.1"
    uuid "7.0.3"
    vscode-ws-jsonrpc "0.2.0"

"@vscode/codicons@^0.0.25":
  version "0.0.25"
  resolved "https://registry.yarnpkg.com/@vscode/codicons/-/codicons-0.0.25.tgz#4ebc3e2c9e707ac46aea0becceda79f7738c647c"
  integrity sha512-uqPhTdADjwoCh5Ufbv0M6TZiiP2mqbfJVB4grhVx1k+YeP03LDMOHBWPsNwGKn4/0S5Mq9o1w1GeftvR031Gzg==

autocompleter@5.1.0:
  version "5.1.0"
  resolved "https://registry.yarnpkg.com/autocompleter/-/autocompleter-5.1.0.tgz#da80488ddf1f1d89b0a8f5d36cab24439de18ab8"
  integrity sha512-xFZla6guwywqFJutoi5xrhAmaKw4/TU8CcLuNep/3OtiUfpNXtgzuBkkXJ6ysJIfG6MEEXFtUBg3PREN6HUVyw==

balanced-match@^1.0.0:
  version "1.0.2"
  resolved "https://registry.yarnpkg.com/balanced-match/-/balanced-match-1.0.2.tgz#e83e3a7e3f300b34cb9d87f615fa0cbf357690ee"
  integrity sha512-3oSeUO0TMV67hN1AmbXsK4yaqU7tjiHlbxRDZOpH0KW9+CeX4bRAaX0Anxt0tx2MrpRpWwQaPwIlISEJhYU5Pw==

balloon-css@^0.5.0:
  version "0.5.2"
  resolved "https://registry.yarnpkg.com/balloon-css/-/balloon-css-0.5.2.tgz#9e2163565a136c9d4aa20e8400772ce3b738d3ff"
  integrity sha512-zheJpzwyNrG4t39vusA67v3BYg1HTVXOF8cErPEHzWK88PEOFwgo6Ea9VHOgOWNMgeuOtFVtB73NE2NWl9uDyQ==

brace-expansion@^1.1.7:
  version "1.1.11"
  resolved "https://registry.yarnpkg.com/brace-expansion/-/brace-expansion-1.1.11.tgz#3c7fcbf529d87226f3d2f52b966ff5271eb441dd"
  integrity sha512-iCuPHDFgrHX7H2vEI/5xpz07zSHB00TpugqhmYtVmMO6518mCuRMoOYFldEBl0g187ufozdaHgWKcYFb61qGiA==
  dependencies:
    balanced-match "^1.0.0"
    concat-map "0.0.1"

concat-map@0.0.1:
  version "0.0.1"
  resolved "https://registry.yarnpkg.com/concat-map/-/concat-map-0.0.1.tgz#d8a96bd77fd68df7793a73036a3ba0d5405d477b"
  integrity sha1-2Klr13/Wjfd5OnMDajug1UBdR3s=

file-saver@2.0.2:
  version "2.0.2"
  resolved "https://registry.yarnpkg.com/file-saver/-/file-saver-2.0.2.tgz#06d6e728a9ea2df2cce2f8d9e84dfcdc338ec17a"
  integrity sha512-Wz3c3XQ5xroCxd1G8b7yL0Ehkf0TC9oYC6buPFkNnU9EnaPlifeAFCyCh+iewXTyFRcg0a6j3J7FmJsIhlhBdw==

fs.realpath@^1.0.0:
  version "1.0.0"
  resolved "https://registry.yarnpkg.com/fs.realpath/-/fs.realpath-1.0.0.tgz#1504ad2523158caa40db4a2787cb01411994ea4f"
  integrity sha1-FQStJSMVjKpA20onh8sBQRmU6k8=

glob@^7.1.3:
  version "7.2.0"
  resolved "https://registry.yarnpkg.com/glob/-/glob-7.2.0.tgz#d15535af7732e02e948f4c41628bd910293f6023"
  integrity sha512-lmLf6gtyrPq8tTjSmrO94wBeQbFR3HbLHbuyD69wuyQkImp2hWqMGB47OX65FBkPffO641IP9jWa1z4ivqG26Q==
  dependencies:
    fs.realpath "^1.0.0"
    inflight "^1.0.4"
    inherits "2"
    minimatch "^3.0.4"
    once "^1.3.0"
    path-is-absolute "^1.0.0"

inflight@^1.0.4:
  version "1.0.6"
  resolved "https://registry.yarnpkg.com/inflight/-/inflight-1.0.6.tgz#49bd6331d7d02d0c09bc910a1075ba8165b56df9"
  integrity sha1-Sb1jMdfQLQwJvJEKEHW6gWW1bfk=
  dependencies:
    once "^1.3.0"
    wrappy "1"

inherits@2:
  version "2.0.4"
  resolved "https://registry.yarnpkg.com/inherits/-/inherits-2.0.4.tgz#0fa2c64f932917c3433a0ded55363aae37416b7c"
  integrity sha512-k/vGaX4/Yla3WzyMCvTQOXYeIHvqOKtnqBduzTHpzpQZzAskKMhZ2K+EnBiSM9zGSoIFeMpXKxa4dYeZIQqewQ==

inversify@^5.0.1:
  version "5.1.1"
  resolved "https://registry.yarnpkg.com/inversify/-/inversify-5.1.1.tgz#6fbd668c591337404e005a1946bfe0d802c08730"
  integrity sha512-j8grHGDzv1v+8T1sAQ+3boTCntFPfvxLCkNcxB1J8qA0lUN+fAlSyYd+RXKvaPRL4AGyPxViutBEJHNXOyUdFQ==

minimatch@^3.0.4:
  version "3.0.5"
  resolved "https://registry.yarnpkg.com/minimatch/-/minimatch-3.0.5.tgz#4da8f1290ee0f0f8e83d60ca69f8f134068604a3"
  integrity sha512-tUpxzX0VAzJHjLu0xUfFv1gwVp9ba3IOuRAVH2EGuRW8a5emA2FlACLqiT/lDVtS1W+TGNwqz3sWaNyLgDJWuw==
  dependencies:
    brace-expansion "^1.1.7"

mvn-artifact-download@5.1.0:
  version "5.1.0"
  resolved "https://registry.yarnpkg.com/mvn-artifact-download/-/mvn-artifact-download-5.1.0.tgz#332c89992196e307cd00768e0fcb29cdb30a814a"
  integrity sha512-8Cdikbcotum2TZDI6bn3DtYYKIyjFKTDbM9CCrSLWVkAa8fd5s5Di1ti30I0J3vFYx+a2ZCcnaqNSgfvxZFMxQ==
  dependencies:
    mvn-artifact-filename "^5.1.0"
    mvn-artifact-name-parser "^5.0.1"
    mvn-artifact-url "^5.1.0"
    node-fetch "^2.6.0"

mvn-artifact-filename@^5.1.0:
  version "5.1.0"
  resolved "https://registry.yarnpkg.com/mvn-artifact-filename/-/mvn-artifact-filename-5.1.0.tgz#722e548b2a517a2af2ff6982e2952cde91346f55"
  integrity sha512-HgChSCBgeTQhWw4ELf0SDIyE8eok2A328aPq6BkPbJc5Pv9HNoREwhw887LnNXpNKty+xaE84DR3IguW+ct5Zw==

mvn-artifact-name-parser@^5.0.1:
  version "5.0.1"
  resolved "https://registry.yarnpkg.com/mvn-artifact-name-parser/-/mvn-artifact-name-parser-5.0.1.tgz#e2467a4809a1cc4285e80b4344ff06daef3540a0"
  integrity sha512-CyWPiWAe3Ubnf9joDLg9cIYoGu/QZXg926qXtohXdx/B/ZHTG/hXwtKt/vmezRw68irmUxAYRYCQCuolmgNLAA==

mvn-artifact-url@^5.1.0:
  version "5.1.1"
  resolved "https://registry.yarnpkg.com/mvn-artifact-url/-/mvn-artifact-url-5.1.1.tgz#3634c33e7f73d3482c2a6f25faf9f4790052603a"
  integrity sha512-vtVMlWaLcXkiKnc/YSE3azKwfxDCMdwoaHSb7Yj5lcX0yEsC+VwKI49V7+Rvl261BjNQrm2MzJ5NbmDxRaQJZw==
  dependencies:
    mvn-artifact-filename "^5.1.0"
    node-fetch "^2.6.0"
    xml2js "^0.4.23"

node-fetch@^2.6.0:
  version "2.6.7"
  resolved "https://registry.yarnpkg.com/node-fetch/-/node-fetch-2.6.7.tgz#24de9fba827e3b4ae44dc8b20256a379160052ad"
  integrity sha512-ZjMPFEfVx5j+y2yF35Kzx5sF7kDzxuDj6ziH4FFbOp87zKDZNx8yExJIb05OGF4Nlt9IHFIMBkRl41VdvcNdbQ==
  dependencies:
    whatwg-url "^5.0.0"

once@^1.3.0:
  version "1.4.0"
  resolved "https://registry.yarnpkg.com/once/-/once-1.4.0.tgz#583b1aa775961d4b113ac17d9c50baef9dd76bd1"
  integrity sha1-WDsap3WWHUsROsF9nFC6753Xa9E=
  dependencies:
    wrappy "1"

path-is-absolute@^1.0.0:
  version "1.0.1"
  resolved "https://registry.yarnpkg.com/path-is-absolute/-/path-is-absolute-1.0.1.tgz#174b9268735534ffbc7ace6bf53a5a9e1b5c5f5f"
  integrity sha1-F0uSaHNVNP+8es5r9TpanhtcX18=

rimraf@^2.6.1:
  version "2.7.1"
  resolved "https://registry.yarnpkg.com/rimraf/-/rimraf-2.7.1.tgz#35797f13a7fdadc566142c29d4f07ccad483e3ec"
  integrity sha512-uWjbaKIK3T1OSVptzX7Nl6PvQ3qAGtKEtVRjRuazjfL3Bx5eI409VZSqgND+4UNnmzLVdPj9FqFJNPqBZFve4w==
  dependencies:
    glob "^7.1.3"

sax@>=0.6.0:
  version "1.2.4"
  resolved "https://registry.yarnpkg.com/sax/-/sax-1.2.4.tgz#2816234e2378bddc4e5354fab5caa895df7100d9"
  integrity sha512-NqVDv9TpANUjFm0N8uM5GxL36UgKi9/atZw+x7YFnQ8ckwFGKrl4xX4yWtrey3UJm5nP1kUbnYgLopqWNSRhWw==

snabbdom@^3.0.3:
  version "3.3.1"
  resolved "https://registry.yarnpkg.com/snabbdom/-/snabbdom-3.3.1.tgz#a2fb9a1c85cc19d6dc11c4c5e4c78cbbbaafff1f"
  integrity sha512-FR9u20dCkktPd+qbedqwYNjMXzYhizhqlKTQzYZimLNeCJY0/5qgs0DtLVSmzIEL1bN3Dyb9sQpiHGCxUjyLnQ==

sprotty@0.10.0:
  version "0.10.0"
  resolved "https://registry.yarnpkg.com/sprotty/-/sprotty-0.10.0.tgz#1c1d4fbce76127945d3bf5fb1e0f4995731a1271"
  integrity sha512-Aicu0PEYulIFcI+FcFIydvwZu67+R0DqL60ZDIhkbre344uIlijwtOSoEyAwaihtODZAb4M9mFcrHb8qweRRwA==
  dependencies:
    "@vscode/codicons" "^0.0.25"
    autocompleter "5.1.0"
    file-saver "2.0.2"
    inversify "^5.0.1"
    snabbdom "^3.0.3"
    tinyqueue "^2.0.3"

tinyqueue@^2.0.3:
  version "2.0.3"
  resolved "https://registry.yarnpkg.com/tinyqueue/-/tinyqueue-2.0.3.tgz#64d8492ebf39e7801d7bd34062e29b45b2035f08"
  integrity sha512-ppJZNDuKGgxzkHihX8v9v9G5f+18gzaTfrukGrq6ueg0lmH4nqVnA2IPG0AEH3jKEk2GRJCUhDoqpoiw3PHLBA==

tr46@~0.0.3:
  version "0.0.3"
  resolved "https://registry.yarnpkg.com/tr46/-/tr46-0.0.3.tgz#8184fd347dac9cdc185992f3a6622e14b9d9ab6a"
  integrity sha1-gYT9NH2snNwYWZLzpmIuFLnZq2o=

typescript@^3.9.2:
  version "3.9.10"
  resolved "https://registry.yarnpkg.com/typescript/-/typescript-3.9.10.tgz#70f3910ac7a51ed6bef79da7800690b19bf778b8"
  integrity sha512-w6fIxVE/H1PkLKcCPsFqKE7Kv7QUwhU8qQY2MueZXWx5cPZdwFupLgKK3vntcK98BtNHZtAF4LA/yl2a7k8R6Q==

uuid@7.0.3:
  version "7.0.3"
  resolved "https://registry.yarnpkg.com/uuid/-/uuid-7.0.3.tgz#c5c9f2c8cf25dc0a372c4df1441c41f5bd0c680b"
  integrity sha512-DPSke0pXhTZgoF/d+WSt2QaKMCFSfx7QegxEWT+JOuHF5aWrKEn0G+ztjuJg/gG8/ItK+rbPCD/yNv8yyih6Cg==

vscode-jsonrpc@^5.0.0:
  version "5.0.1"
  resolved "https://registry.yarnpkg.com/vscode-jsonrpc/-/vscode-jsonrpc-5.0.1.tgz#9bab9c330d89f43fc8c1e8702b5c36e058a01794"
  integrity sha512-JvONPptw3GAQGXlVV2utDcHx0BiY34FupW/kI6mZ5x06ER5DdPG/tXWMVHjTNULF5uKPOUUD0SaXg5QaubJL0A==

vscode-ws-jsonrpc@0.2.0:
  version "0.2.0"
  resolved "https://registry.yarnpkg.com/vscode-ws-jsonrpc/-/vscode-ws-jsonrpc-0.2.0.tgz#5e9c26e10da54a1a235da7d59e74508bbcb8edd9"
  integrity sha512-NE9HNRgPjCaPyTJvIudcpyIWPImxwRDtuTX16yks7SAiZgSXigxAiZOvSvVBGmD1G/OMfrFo6BblOtjVR9DdVA==
  dependencies:
    vscode-jsonrpc "^5.0.0"

webidl-conversions@^3.0.0:
  version "3.0.1"
  resolved "https://registry.yarnpkg.com/webidl-conversions/-/webidl-conversions-3.0.1.tgz#24534275e2a7bc6be7bc86611cc16ae0a5654871"
  integrity sha1-JFNCdeKnvGvnvIZhHMFq4KVlSHE=

whatwg-url@^5.0.0:
  version "5.0.0"
  resolved "https://registry.yarnpkg.com/whatwg-url/-/whatwg-url-5.0.0.tgz#966454e8765462e37644d3626f6742ce8b70965d"
  integrity sha1-lmRU6HZUYuN2RNNib2dCzotwll0=
  dependencies:
    tr46 "~0.0.3"
    webidl-conversions "^3.0.0"

wrappy@1:
  version "1.0.2"
  resolved "https://registry.yarnpkg.com/wrappy/-/wrappy-1.0.2.tgz#b5243d8f3ec1aa35f1364605bc0d1036e30ab69f"
  integrity sha1-tSQ9jz7BqjXxNkYFvA0QNuMKtp8=

xml2js@^0.4.23:
  version "0.4.23"
  resolved "https://registry.yarnpkg.com/xml2js/-/xml2js-0.4.23.tgz#a0c69516752421eb2ac758ee4d4ccf58843eac66"
  integrity sha512-ySPiMjM0+pLDftHgXY4By0uswI3SPKLDw/i3UXbnO8M/p28zqexCUoPmQFrYD+/1BzhGJSs2i1ERWKJAtiLrug==
  dependencies:
    sax ">=0.6.0"
    xmlbuilder "~11.0.0"

xmlbuilder@~11.0.0:
  version "11.0.1"
  resolved "https://registry.yarnpkg.com/xmlbuilder/-/xmlbuilder-11.0.1.tgz#be9bae1c8a046e76b31127726347d0ad7002beb3"
  integrity sha512-fDlsI/kFEx7gLvbecc0/ohLG50fugQp8ryHzMTuW9vSa1GJ0XYWKnhsUx7oie3G98+r56aTQIUB4kht42R3JvA==
